
Microsoft Visual Studio Solution File, Format Version 12.00
# Visual Studio Version 17
VisualStudioVersion = 17.10.34928.147
MinimumVisualStudioVersion = 10.0.40219.1
Project("{FAE04EC0-301F-11D3-BF4B-00C04F79EFBC}") = "Bai7", "Bai7\Bai7.csproj", "{66A6AE4C-0804-4C6A-9F59-1A0D66BA74D9}"
EndProject
Global
	GlobalSection(SolutionConfigurationPlatforms) = preSolution
		Debug|Any CPU = Debug|Any CPU
		Release|Any CPU = Release|Any CPU
	EndGlobalSection
	GlobalSection(ProjectConfigurationPlatforms) = postSolution
		{66A6AE4C-0804-4C6A-9F59-1A0D66BA74D9}.Debug|Any CPU.ActiveCfg = Debug|Any CPU
		{66A6AE4C-0804-4C6A-9F59-1A0D66BA74D9}.Debug|Any CPU.Build.0 = Debug|Any CPU
		{66A6AE4C-0804-4C6A-9F59-1A0D66BA74D9}.Release|Any CPU.ActiveCfg = Release|Any CPU
		{66A6AE4C-0804-4C6A-9F59-1A0D66BA74D9}.Release|Any CPU.Build.0 = Release|Any CPU
	EndGlobalSection
	GlobalSection(SolutionProperties) = preSolution
		HideSolutionNode = FALSE
	EndGlobalSection
	GlobalSection(ExtensibilityGlobals) = postSolution
		SolutionGuid = {FF817C86-56F9-4F3E-A16A-20B264039D10}
	EndGlobalSection
EndGlobal
